// !$*UTF8*$!
{
	archiveVersion = 1;
	classes = {
	};
	objectVersion = 46;
	objects = {

/* Begin PBXBuildFile section */
		382E27E61BF2A38F0027E984 /* AppDelegate.swift in Sources */ = {isa = PBXBuildFile; fileRef = 382E27E51BF2A38F0027E984 /* AppDelegate.swift */; };
		382E27E81BF2A38F0027E984 /* ViewController.swift in Sources */ = {isa = PBXBuildFile; fileRef = 382E27E71BF2A38F0027E984 /* ViewController.swift */; };
		382E27EB1BF2A38F0027E984 /* Main.storyboard in Resources */ = {isa = PBXBuildFile; fileRef = 382E27E91BF2A38F0027E984 /* Main.storyboard */; };
		382E27ED1BF2A38F0027E984 /* Assets.xcassets in Resources */ = {isa = PBXBuildFile; fileRef = 382E27EC1BF2A38F0027E984 /* Assets.xcassets */; };
		382E27F01BF2A38F0027E984 /* LaunchScreen.storyboard in Resources */ = {isa = PBXBuildFile; fileRef = 382E27EE1BF2A38F0027E984 /* LaunchScreen.storyboard */; };
		382E27FB1BF2A38F0027E984 /* RGB_SlidersTests.swift in Sources */ = {isa = PBXBuildFile; fileRef = 382E27FA1BF2A38F0027E984 /* RGB_SlidersTests.swift */; };
		382E28061BF2A38F0027E984 /* RGB_SlidersUITests.swift in Sources */ = {isa = PBXBuildFile; fileRef = 382E28051BF2A38F0027E984 /* RGB_SlidersUITests.swift */; };
/* End PBXBuildFile section */

/* Begin PBXContainerItemProxy section */
		382E27F71BF2A38F0027E984 /* PBXContainerItemProxy */ = {
			isa = PBXContainerItemProxy;
			containerPortal = 382E27DA1BF2A38F0027E984 /* Project object */;
			proxyType = 1;
			remoteGlobalIDString = 382E27E11BF2A38F0027E984;
			remoteInfo = "RGB Sliders";
		};
		382E28021BF2A38F0027E984 /* PBXContainerItemProxy */ = {
			isa = PBXContainerItemProxy;
			containerPortal = 382E27DA1BF2A38F0027E984 /* Project object */;
			proxyType = 1;
			remoteGlobalIDString = 382E27E11BF2A38F0027E984;
			remoteInfo = "RGB Sliders";
		};
/* End PBXContainerItemProxy section */

/* Begin PBXFileReference section */
		382E27E21BF2A38F0027E984 /* RGB Sliders.app */ = {isa = PBXFileReference; explicitFileType = wrapper.application; includeInIndex = 0; path = "RGB Sliders.app"; sourceTree = BUILT_PRODUCTS_DIR; };
		382E27E51BF2A38F0027E984 /* AppDelegate.swift */ = {isa = PBXFileReference; lastKnownFileType = sourcecode.swift; path = AppDelegate.swift; sourceTree = "<group>"; };
		382E27E71BF2A38F0027E984 /* ViewController.swift */ = {isa = PBXFileReference; lastKnownFileType = sourcecode.swift; path = ViewController.swift; sourceTree = "<group>"; };
		382E27EA1BF2A38F0027E984 /* Base */ = {isa = PBXFileReference; lastKnownFileType = file.storyboard; name = Base; path = Base.lproj/Main.storyboard; sourceTree = "<group>"; };
		382E27EC1BF2A38F0027E984 /* Assets.xcassets */ = {isa = PBXFileReference; lastKnownFileType = folder.assetcatalog; path = Assets.xcassets; sourceTree = "<group>"; };
		382E27EF1BF2A38F0027E984 /* Base */ = {isa = PBXFileReference; lastKnownFileType = file.storyboard; name = Base; path = Base.lproj/LaunchScreen.storyboard; sourceTree = "<group>"; };
		382E27F11BF2A38F0027E984 /* Info.plist */ = {isa = PBXFileReference; lastKnownFileType = text.plist.xml; path = Info.plist; sourceTree = "<group>"; };
		382E27F61BF2A38F0027E984 /* RGB SlidersTests.xctest */ = {isa = PBXFileReference; explicitFileType = wrapper.cfbundle; includeInIndex = 0; path = "RGB SlidersTests.xctest"; sourceTree = BUILT_PRODUCTS_DIR; };
		382E27FA1BF2A38F0027E984 /* RGB_SlidersTests.swift */ = {isa = PBXFileReference; lastKnownFileType = sourcecode.swift; path = RGB_SlidersTests.swift; sourceTree = "<group>"; };
		382E27FC1BF2A38F0027E984 /* Info.plist */ = {isa = PBXFileReference; lastKnownFileType = text.plist.xml; path = Info.plist; sourceTree = "<group>"; };
		382E28011BF2A38F0027E984 /* RGB SlidersUITests.xctest */ = {isa = PBXFileReference; explicitFileType = wrapper.cfbundle; includeInIndex = 0; path = "RGB SlidersUITests.xctest"; sourceTree = BUILT_PRODUCTS_DIR; };
		382E28051BF2A38F0027E984 /* RGB_SlidersUITests.swift */ = {isa = PBXFileReference; lastKnownFileType = sourcecode.swift; path = RGB_SlidersUITests.swift; sourceTree = "<group>"; };
		382E28071BF2A38F0027E984 /* Info.plist */ = {isa = PBXFileReference; lastKnownFileType = text.plist.xml; path = Info.plist; sourceTree = "<group>"; };
/* End PBXFileReference section */

/* Begin PBXFrameworksBuildPhase section */
		382E27DF1BF2A38F0027E984 /* Frameworks */ = {
			isa = PBXFrameworksBuildPhase;
			buildActionMask = 2147483647;
			files = (
			);
			runOnlyForDeploymentPostprocessing = 0;
		};
		382E27F31BF2A38F0027E984 /* Frameworks */ = {
			isa = PBXFrameworksBuildPhase;
			buildActionMask = 2147483647;
			files = (
			);
			runOnlyForDeploymentPostprocessing = 0;
		};
		382E27FE1BF2A38F0027E984 /* Frameworks */ = {
			isa = PBXFrameworksBuildPhase;
			buildActionMask = 2147483647;
			files = (
			);
			runOnlyForDeploymentPostprocessing = 0;
		};
/* End PBXFrameworksBuildPhase section */

/* Begin PBXGroup section */
		382E27D91BF2A38F0027E984 = {
			isa = PBXGroup;
			children = (
				382E27E41BF2A38F0027E984 /* RGB Sliders */,
				382E27F91BF2A38F0027E984 /* RGB SlidersTests */,
				382E28041BF2A38F0027E984 /* RGB SlidersUITests */,
				382E27E31BF2A38F0027E984 /* Products */,
			);
			sourceTree = "<group>";
		};
		382E27E31BF2A38F0027E984 /* Products */ = {
			isa = PBXGroup;
			children = (
				382E27E21BF2A38F0027E984 /* RGB Sliders.app */,
				382E27F61BF2A38F0027E984 /* RGB SlidersTests.xctest */,
				382E28011BF2A38F0027E984 /* RGB SlidersUITests.xctest */,
			);
			name = Products;
			sourceTree = "<group>";
		};
		382E27E41BF2A38F0027E984 /* RGB Sliders */ = {
			isa = PBXGroup;
			children = (
				382E27E51BF2A38F0027E984 /* AppDelegate.swift */,
				382E27E71BF2A38F0027E984 /* ViewController.swift */,
				382E27E91BF2A38F0027E984 /* Main.storyboard */,
				382E27EC1BF2A38F0027E984 /* Assets.xcassets */,
				382E27EE1BF2A38F0027E984 /* LaunchScreen.storyboard */,
				382E27F11BF2A38F0027E984 /* Info.plist */,
			);
			path = "RGB Sliders";
			sourceTree = "<group>";
		};
		382E27F91BF2A38F0027E984 /* RGB SlidersTests */ = {
			isa = PBXGroup;
			children = (
				382E27FA1BF2A38F0027E984 /* RGB_SlidersTests.swift */,
				382E27FC1BF2A38F0027E984 /* Info.plist */,
			);
			path = "RGB SlidersTests";
			sourceTree = "<group>";
		};
		382E28041BF2A38F0027E984 /* RGB SlidersUITests */ = {
			isa = PBXGroup;
			children = (
				382E28051BF2A38F0027E984 /* RGB_SlidersUITests.swift */,
				382E28071BF2A38F0027E984 /* Info.plist */,
			);
			path = "RGB SlidersUITests";
			sourceTree = "<group>";
		};
/* End PBXGroup section */

/* Begin PBXNativeTarget section */
		382E27E11BF2A38F0027E984 /* RGB Sliders */ = {
			isa = PBXNativeTarget;
			buildConfigurationList = 382E280A1BF2A38F0027E984 /* Build configuration list for PBXNativeTarget "RGB Sliders" */;
			buildPhases = (
				382E27DE1BF2A38F0027E984 /* Sources */,
				382E27DF1BF2A38F0027E984 /* Frameworks */,
				382E27E01BF2A38F0027E984 /* Resources */,
			);
			buildRules = (
			);
			dependencies = (
			);
			name = "RGB Sliders";
			productName = "RGB Sliders";
			productReference = 382E27E21BF2A38F0027E984 /* RGB Sliders.app */;
			productType = "com.apple.product-type.application";
		};
		382E27F51BF2A38F0027E984 /* RGB SlidersTests */ = {
			isa = PBXNativeTarget;
			buildConfigurationList = 382E280D1BF2A38F0027E984 /* Build configuration list for PBXNativeTarget "RGB SlidersTests" */;
			buildPhases = (
				382E27F21BF2A38F0027E984 /* Sources */,
				382E27F31BF2A38F0027E984 /* Frameworks */,
				382E27F41BF2A38F0027E984 /* Resources */,
			);
			buildRules = (
			);
			dependencies = (
				382E27F81BF2A38F0027E984 /* PBXTargetDependency */,
			);
			name = "RGB SlidersTests";
			productName = "RGB SlidersTests";
			productReference = 382E27F61BF2A38F0027E984 /* RGB SlidersTests.xctest */;
			productType = "com.apple.product-type.bundle.unit-test";
		};
		382E28001BF2A38F0027E984 /* RGB SlidersUITests */ = {
			isa = PBXNativeTarget;
			buildConfigurationList = 382E28101BF2A38F0027E984 /* Build configuration list for PBXNativeTarget "RGB SlidersUITests" */;
			buildPhases = (
				382E27FD1BF2A38F0027E984 /* Sources */,
				382E27FE1BF2A38F0027E984 /* Frameworks */,
				382E27FF1BF2A38F0027E984 /* Resources */,
			);
			buildRules = (
			);
			dependencies = (
				382E28031BF2A38F0027E984 /* PBXTargetDependency */,
			);
			name = "RGB SlidersUITests";
			productName = "RGB SlidersUITests";
			productReference = 382E28011BF2A38F0027E984 /* RGB SlidersUITests.xctest */;
			productType = "com.apple.product-type.bundle.ui-testing";
		};
/* End PBXNativeTarget section */

/* Begin PBXProject section */
		382E27DA1BF2A38F0027E984 /* Project object */ = {
			isa = PBXProject;
			attributes = {
				LastUpgradeCheck = 0710;
				ORGANIZATIONNAME = "Ali Kazmi";
				TargetAttributes = {
					382E27E11BF2A38F0027E984 = {
						CreatedOnToolsVersion = 7.1;
					};
					382E27F51BF2A38F0027E984 = {
						CreatedOnToolsVersion = 7.1;
						TestTargetID = 382E27E11BF2A38F0027E984;
					};
					382E28001BF2A38F0027E984 = {
						CreatedOnToolsVersion = 7.1;
						TestTargetID = 382E27E11BF2A38F0027E984;
					};
				};
			};
			buildConfigurationList = 382E27DD1BF2A38F0027E984 /* Build configuration list for PBXProject "RGB Sliders" */;
			compatibilityVersion = "Xcode 3.2";
			developmentRegion = English;
			hasScannedForEncodings = 0;
			knownRegions = (
				en,
				Base,
			);
			mainGroup = 382E27D91BF2A38F0027E984;
			productRefGroup = 382E27E31BF2A38F0027E984 /* Products */;
			projectDirPath = "";
			projectRoot = "";
			targets = (
				382E27E11BF2A38F0027E984 /* RGB Sliders */,
				382E27F51BF2A38F0027E984 /* RGB SlidersTests */,
				382E28001BF2A38F0027E984 /* RGB SlidersUITests */,
			);
		};
/* End PBXProject section */

/* Begin PBXResourcesBuildPhase section */
		382E27E01BF2A38F0027E984 /* Resources */ = {
			isa = PBXResourcesBuildPhase;
			buildActionMask = 2147483647;
			files = (
				382E27F01BF2A38F0027E984 /* LaunchScreen.storyboard in Resources */,
				382E27ED1BF2A38F0027E984 /* Assets.xcassets in Resources */,
				382E27EB1BF2A38F0027E984 /* Main.storyboard in Resources */,
			);
			runOnlyForDeploymentPostprocessing = 0;
		};
		382E27F41BF2A38F0027E984 /* Resources */ = {
			isa = PBXResourcesBuildPhase;
			buildActionMask = 2147483647;
			files = (
			);
			runOnlyForDeploymentPostprocessing = 0;
		};
		382E27FF1BF2A38F0027E984 /* Resources */ = {
			isa = PBXResourcesBuildPhase;
			buildActionMask = 2147483647;
			files = (
			);
			runOnlyForDeploymentPostprocessing = 0;
		};
/* End PBXResourcesBuildPhase section */

/* Begin PBXSourcesBuildPhase section */
		382E27DE1BF2A38F0027E984 /* Sources */ = {
			isa = PBXSourcesBuildPhase;
			buildActionMask = 2147483647;
			files = (
				382E27E81BF2A38F0027E984 /* ViewController.swift in Sources */,
				382E27E61BF2A38F0027E984 /* AppDelegate.swift in Sources */,
			);
			runOnlyForDeploymentPostprocessing = 0;
		};
		382E27F21BF2A38F0027E984 /* Sources */ = {
			isa = PBXSourcesBuildPhase;
			buildActionMask = 2147483647;
			files = (
				382E27FB1BF2A38F0027E984 /* RGB_SlidersTests.swift in Sources */,
			);
			runOnlyForDeploymentPostprocessing = 0;
		};
		382E27FD1BF2A38F0027E984 /* Sources */ = {
			isa = PBXSourcesBuildPhase;
			buildActionMask = 2147483647;
			files = (
				382E28061BF2A38F0027E984 /* RGB_SlidersUITests.swift in Sources */,
			);
			runOnlyForDeploymentPostprocessing = 0;
		};
/* End PBXSourcesBuildPhase section */

/* Begin PBXTargetDependency section */
		382E27F81BF2A38F0027E984 /* PBXTargetDependency */ = {
			isa = PBXTargetDependency;
			target = 382E27E11BF2A38F0027E984 /* RGB Sliders */;
			targetProxy = 382E27F71BF2A38F0027E984 /* PBXContainerItemProxy */;
		};
		382E28031BF2A38F0027E984 /* PBXTargetDependency */ = {
			isa = PBXTargetDependency;
			target = 382E27E11BF2A38F0027E984 /* RGB Sliders */;
			targetProxy = 382E28021BF2A38F0027E984 /* PBXContainerItemProxy */;
		};
/* End PBXTargetDependency section */

/* Begin PBXVariantGroup section */
		382E27E91BF2A38F0027E984 /* Main.storyboard */ = {
			isa = PBXVariantGroup;
			children = (
				382E27EA1BF2A38F0027E984 /* Base */,
			);
			name = Main.storyboard;
			sourceTree = "<group>";
		};
		382E27EE1BF2A38F0027E984 /* LaunchScreen.storyboard */ = {
			isa = PBXVariantGroup;
			children = (
				382E27EF1BF2A38F0027E984 /* Base */,
			);
			name = LaunchScreen.storyboard;
			sourceTree = "<group>";
		};
/* End PBXVariantGroup section */

/* Begin XCBuildConfiguration section */
		382E28081BF2A38F0027E984 /* Debug */ = {
			isa = XCBuildConfiguration;
			buildSettings = {
				ALWAYS_SEARCH_USER_PATHS = NO;
				CLANG_CXX_LANGUAGE_STANDARD = "gnu++0x";
				CLANG_CXX_LIBRARY = "libc++";
				CLANG_ENABLE_MODULES = YES;
				CLANG_ENABLE_OBJC_ARC = YES;
				CLANG_WARN_BOOL_CONVERSION = YES;
				CLANG_WARN_CONSTANT_CONVERSION = YES;
				CLANG_WARN_DIRECT_OBJC_ISA_USAGE = YES_ERROR;
				CLANG_WARN_EMPTY_BODY = YES;
				CLANG_WARN_ENUM_CONVERSION = YES;
				CLANG_WARN_INT_CONVERSION = YES;
				CLANG_WARN_OBJC_ROOT_CLASS = YES_ERROR;
				CLANG_WARN_UNREACHABLE_CODE = YES;
				CLANG_WARN__DUPLICATE_METHOD_MATCH = YES;
				"CODE_SIGN_IDENTITY[sdk=iphoneos*]" = "iPhone Developer";
				COPY_PHASE_STRIP = NO;
				DEBUG_INFORMATION_FORMAT = dwarf;
				ENABLE_STRICT_OBJC_MSGSEND = YES;
				ENABLE_TESTABILITY = YES;
				GCC_C_LANGUAGE_STANDARD = gnu99;
				GCC_DYNAMIC_NO_PIC = NO;
				GCC_NO_COMMON_BLOCKS = YES;
				GCC_OPTIMIZATION_LEVEL = 0;
				GCC_PREPROCESSOR_DEFINITIONS = (
					"DEBUG=1",
					"$(inherited)",
				);
				GCC_WARN_64_TO_32_BIT_CONVERSION = YES;
				GCC_WARN_ABOUT_RETURN_TYPE = YES_ERROR;
				GCC_WARN_UNDECLARED_SELECTOR = YES;
				GCC_WARN_UNINITIALIZED_AUTOS = YES_AGGRESSIVE;
				GCC_WARN_UNUSED_FUNCTION = YES;
				GCC_WARN_UNUSED_VARIABLE = YES;
				IPHONEOS_DEPLOYMENT_TARGET = 9.1;
				MTL_ENABLE_DEBUG_INFO = YES;
				ONLY_ACTIVE_ARCH = YES;
				SDKROOT = iphoneos;
				SWIFT_OPTIMIZATION_LEVEL = "-Onone";
			};
			name = Debug;
		};
		382E28091BF2A38F0027E984 /* Release */ = {
			isa = XCBuildConfiguration;
			buildSettings = {
				ALWAYS_SEARCH_USER_PATHS = NO;
				CLANG_CXX_LANGUAGE_STANDARD = "gnu++0x";
				CLANG_CXX_LIBRARY = "libc++";
				CLANG_ENABLE_MODULES = YES;
				CLANG_ENABLE_OBJC_ARC = YES;
				CLANG_WARN_BOOL_CONVERSION = YES;
				CLANG_WARN_CONSTANT_CONVERSION = YES;
				CLANG_WARN_DIRECT_OBJC_ISA_USAGE = YES_ERROR;
				CLANG_WARN_EMPTY_BODY = YES;
				CLANG_WARN_ENUM_CONVERSION = YES;
				CLANG_WARN_INT_CONVERSION = YES;
				CLANG_WARN_OBJC_ROOT_CLASS = YES_ERROR;
				CLANG_WARN_UNREACHABLE_CODE = YES;
				CLANG_WARN__DUPLICATE_METHOD_MATCH = YES;
				"CODE_SIGN_IDENTITY[sdk=iphoneos*]" = "iPhone Developer";
				COPY_PHASE_STRIP = NO;
				DEBUG_INFORMATION_FORMAT = "dwarf-with-dsym";
				ENABLE_NS_ASSERTIONS = NO;
				ENABLE_STRICT_OBJC_MSGSEND = YES;
				GCC_C_LANGUAGE_STANDARD = gnu99;
				GCC_NO_COMMON_BLOCKS = YES;
				GCC_WARN_64_TO_32_BIT_CONVERSION = YES;
				GCC_WARN_ABOUT_RETURN_TYPE = YES_ERROR;
				GCC_WARN_UNDECLARED_SELECTOR = YES;
				GCC_WARN_UNINITIALIZED_AUTOS = YES_AGGRESSIVE;
				GCC_WARN_UNUSED_FUNCTION = YES;
				GCC_WARN_UNUSED_VARIABLE = YES;
				IPHONEOS_DEPLOYMENT_TARGET = 9.1;
				MTL_ENABLE_DEBUG_INFO = NO;
				SDKROOT = iphoneos;
				VALIDATE_PRODUCT = YES;
			};
			name = Release;
		};
		382E280B1BF2A38F0027E984 /* Debug */ = {
			isa = XCBuildConfiguration;
			buildSettings = {
				ASSETCATALOG_COMPILER_APPICON_NAME = AppIcon;
				INFOPLIST_FILE = "RGB Sliders/Info.plist";
				LD_RUNPATH_SEARCH_PATHS = "$(inherited) @executable_path/Frameworks";
				PRODUCT_BUNDLE_IDENTIFIER = "com.thinkful.RGB-Sliders";
				PRODUCT_NAME = "$(TARGET_NAME)";
			};
			name = Debug;
		};
		382E280C1BF2A38F0027E984 /* Release */ = {
			isa = XCBuildConfiguration;
			buildSettings = {
				ASSETCATALOG_COMPILER_APPICON_NAME = AppIcon;
				INFOPLIST_FILE = "RGB Sliders/Info.plist";
				LD_RUNPATH_SEARCH_PATHS = "$(inherited) @executable_path/Frameworks";
				PRODUCT_BUNDLE_IDENTIFIER = "com.thinkful.RGB-Sliders";
				PRODUCT_NAME = "$(TARGET_NAME)";
			};
			name = Release;
		};
		382E280E1BF2A38F0027E984 /* Debug */ = {
			isa = XCBuildConfiguration;
			buildSettings = {
				BUNDLE_LOADER = "$(TEST_HOST)";
				INFOPLIST_FILE = "RGB SlidersTests/Info.plist";
				LD_RUNPATH_SEARCH_PATHS = "$(inherited) @executable_path/Frameworks @loader_path/Frameworks";
				PRODUCT_BUNDLE_IDENTIFIER = "com.thinkful.RGB-SlidersTests";
				PRODUCT_NAME = "$(TARGET_NAME)";
				TEST_HOST = "$(BUILT_PRODUCTS_DIR)/RGB Sliders.app/RGB Sliders";
			};
			name = Debug;
		};
		382E280F1BF2A38F0027E984 /* Release */ = {
			isa = XCBuildConfiguration;
			buildSettings = {
				BUNDLE_LOADER = "$(TEST_HOST)";
				INFOPLIST_FILE = "RGB SlidersTests/Info.plist";
				LD_RUNPATH_SEARCH_PATHS = "$(inherited) @executable_path/Frameworks @loader_path/Frameworks";
				PRODUCT_BUNDLE_IDENTIFIER = "com.thinkful.RGB-SlidersTests";
				PRODUCT_NAME = "$(TARGET_NAME)";
				TEST_HOST = "$(BUILT_PRODUCTS_DIR)/RGB Sliders.app/RGB Sliders";
			};
			name = Release;
		};
		382E28111BF2A38F0027E984 /* Debug */ = {
			isa = XCBuildConfiguration;
			buildSettings = {
				INFOPLIST_FILE = "RGB SlidersUITests/Info.plist";
				LD_RUNPATH_SEARCH_PATHS = "$(inherited) @executable_path/Frameworks @loader_path/Frameworks";
				PRODUCT_BUNDLE_IDENTIFIER = "com.thinkful.RGB-SlidersUITests";
				PRODUCT_NAME = "$(TARGET_NAME)";
				TEST_TARGET_NAME = "RGB Sliders";
				USES_XCTRUNNER = YES;
			};
			name = Debug;
		};
		382E28121BF2A38F0027E984 /* Release */ = {
			isa = XCBuildConfiguration;
			buildSettings = {
				INFOPLIST_FILE = "RGB SlidersUITests/Info.plist";
				LD_RUNPATH_SEARCH_PATHS = "$(inherited) @executable_path/Frameworks @loader_path/Frameworks";
				PRODUCT_BUNDLE_IDENTIFIER = "com.thinkful.RGB-SlidersUITests";
				PRODUCT_NAME = "$(TARGET_NAME)";
				TEST_TARGET_NAME = "RGB Sliders";
				USES_XCTRUNNER = YES;
			};
			name = Release;
		};
/* End XCBuildConfiguration section */

/* Begin XCConfigurationList section */
		382E27DD1BF2A38F0027E984 /* Build configuration list for PBXProject "RGB Sliders" */ = {
			isa = XCConfigurationList;
			buildConfigurations = (
				382E28081BF2A38F0027E984 /* Debug */,
				382E28091BF2A38F0027E984 /* Release */,
			);
			defaultConfigurationIsVisible = 0;
			defaultConfigurationName = Release;
		};
		382E280A1BF2A38F0027E984 /* Build configuration list for PBXNativeTarget "RGB Sliders" */ = {
			isa = XCConfigurationList;
			buildConfigurations = (
				382E280B1BF2A38F0027E984 /* Debug */,
				382E280C1BF2A38F0027E984 /* Release */,
			);
			defaultConfigurationIsVisible = 0;
		};
		382E280D1BF2A38F0027E984 /* Build configuration list for PBXNativeTarget "RGB SlidersTests" */ = {
			isa = XCConfigurationList;
			buildConfigurations = (
				382E280E1BF2A38F0027E984 /* Debug */,
				382E280F1BF2A38F0027E984 /* Release */,
			);
			defaultConfigurationIsVisible = 0;
		};
		382E28101BF2A38F0027E984 /* Build configuration list for PBXNativeTarget "RGB SlidersUITests" */ = {
			isa = XCConfigurationList;
			buildConfigurations = (
				382E28111BF2A38F0027E984 /* Debug */,
				382E28121BF2A38F0027E984 /* Release */,
			);
			defaultConfigurationIsVisible = 0;
		};
/* End XCConfigurationList section */
	};
	rootObject = 382E27DA1BF2A38F0027E984 /* Project object */;
}
